// !$*UTF8*$!
{
	archiveVersion = 1;
	classes = {
	};
	objectVersion = 56;
	objects = {

/* Begin PBXBuildFile section */
		5E025606296E1834004E0370 /* LoginView.swift in Sources */ = {isa = PBXBuildFile; fileRef = 5E025605296E1834004E0370 /* LoginView.swift */; };
		5E02560A296E2F92004E0370 /* General.swift in Sources */ = {isa = PBXBuildFile; fileRef = 5E025609296E2F92004E0370 /* General.swift */; };
		5E02560C296E35DD004E0370 /* CurrentSession.swift in Sources */ = {isa = PBXBuildFile; fileRef = 5E02560B296E35DD004E0370 /* CurrentSession.swift */; };
		5E2321F92999991300565D59 /* TempView.swift in Sources */ = {isa = PBXBuildFile; fileRef = 5E2321F82999991300565D59 /* TempView.swift */; };
		5E2AC57A296E16AE00722D02 /* Perfect_Education_with_CYCUApp.swift in Sources */ = {isa = PBXBuildFile; fileRef = 5E2AC579296E16AE00722D02 /* Perfect_Education_with_CYCUApp.swift */; };
		5E2AC57C296E16AE00722D02 /* ContentView.swift in Sources */ = {isa = PBXBuildFile; fileRef = 5E2AC57B296E16AE00722D02 /* ContentView.swift */; };
		5E2AC57E296E16AF00722D02 /* Assets.xcassets in Resources */ = {isa = PBXBuildFile; fileRef = 5E2AC57D296E16AF00722D02 /* Assets.xcassets */; };
		5E2AC581296E16AF00722D02 /* Preview Assets.xcassets in Resources */ = {isa = PBXBuildFile; fileRef = 5E2AC580296E16AF00722D02 /* Preview Assets.xcassets */; };
		5E2AC58B296E16AF00722D02 /* Perfect_Education_with_CYCUTests.swift in Sources */ = {isa = PBXBuildFile; fileRef = 5E2AC58A296E16AF00722D02 /* Perfect_Education_with_CYCUTests.swift */; };
		5E2AC595296E16AF00722D02 /* Perfect_Education_with_CYCUUITests.swift in Sources */ = {isa = PBXBuildFile; fileRef = 5E2AC594296E16AF00722D02 /* Perfect_Education_with_CYCUUITests.swift */; };
		5E2AC597296E16AF00722D02 /* Perfect_Education_with_CYCUUITestsLaunchTests.swift in Sources */ = {isa = PBXBuildFile; fileRef = 5E2AC596296E16AF00722D02 /* Perfect_Education_with_CYCUUITestsLaunchTests.swift */; };
		5E3C93F829710C840036B342 /* PortalServicesView.swift in Sources */ = {isa = PBXBuildFile; fileRef = 5E3C93F729710C840036B342 /* PortalServicesView.swift */; };
		5E3C93FA29710F8B0036B342 /* WorkStudyView.swift in Sources */ = {isa = PBXBuildFile; fileRef = 5E3C93F929710F8B0036B342 /* WorkStudyView.swift */; };
		5E3C93FC297114600036B342 /* MentorView.swift in Sources */ = {isa = PBXBuildFile; fileRef = 5E3C93FB297114600036B342 /* MentorView.swift */; };
		5E3C93FE29711C190036B342 /* ElectionRootView.swift in Sources */ = {isa = PBXBuildFile; fileRef = 5E3C93FD29711C190036B342 /* ElectionRootView.swift */; };
		5E3C940029711C240036B342 /* CreditsView.swift in Sources */ = {isa = PBXBuildFile; fileRef = 5E3C93FF29711C240036B342 /* CreditsView.swift */; };
		5E3C940229711C900036B342 /* HealthView.swift in Sources */ = {isa = PBXBuildFile; fileRef = 5E3C940129711C900036B342 /* HealthView.swift */; };
		5E3C940429711CD60036B342 /* AccountView.swift in Sources */ = {isa = PBXBuildFile; fileRef = 5E3C940329711CD60036B342 /* AccountView.swift */; };
		5E3C94062971247E0036B342 /* ControllerView.swift in Sources */ = {isa = PBXBuildFile; fileRef = 5E3C94052971247E0036B342 /* ControllerView.swift */; };
		5E4B43AF296F4287005A0215 /* SFSafariView.swift in Sources */ = {isa = PBXBuildFile; fileRef = 5E4B43AE296F4287005A0215 /* SFSafariView.swift */; };
		5E68CF962976DC3E008AF377 /* Extensions.swift in Sources */ = {isa = PBXBuildFile; fileRef = 5E68CF952976DC3E008AF377 /* Extensions.swift */; };
		5E68CF992978FAF3008AF377 /* WorkStudy.swift in Sources */ = {isa = PBXBuildFile; fileRef = 5E68CF982978FAF3008AF377 /* WorkStudy.swift */; };
		5E68CF9B2978FB2B008AF377 /* Credits.swift in Sources */ = {isa = PBXBuildFile; fileRef = 5E68CF9A2978FB2B008AF377 /* Credits.swift */; };
		5E68CF9D2978FB83008AF377 /* ElectionDefinitions.swift in Sources */ = {isa = PBXBuildFile; fileRef = 5E68CF9C2978FB83008AF377 /* ElectionDefinitions.swift */; };
		5E68CF9F2978FBDC008AF377 /* Authenticate.swift in Sources */ = {isa = PBXBuildFile; fileRef = 5E68CF9E2978FBDC008AF377 /* Authenticate.swift */; };
		5E68CFA12978FF0B008AF377 /* Protocols.swift in Sources */ = {isa = PBXBuildFile; fileRef = 5E68CFA02978FF0B008AF377 /* Protocols.swift */; };
		5E9763712998BEA70046F5C4 /* ElectionAdvancedSearchView.swift in Sources */ = {isa = PBXBuildFile; fileRef = 5E9763702998BEA70046F5C4 /* ElectionAdvancedSearchView.swift */; };
		5EC73A3E299071BC00E66CB6 /* ElectionAnnouncementView.swift in Sources */ = {isa = PBXBuildFile; fileRef = 5EC73A3D299071BC00E66CB6 /* ElectionAnnouncementView.swift */; };
		5EC73A40299071F800E66CB6 /* ElectionEventView.swift in Sources */ = {isa = PBXBuildFile; fileRef = 5EC73A3F299071F800E66CB6 /* ElectionEventView.swift */; };
		5EC73A422990722200E66CB6 /* ElectionStudentBaseInformationView.swift in Sources */ = {isa = PBXBuildFile; fileRef = 5EC73A412990722200E66CB6 /* ElectionStudentBaseInformationView.swift */; };
		5EC73A442990723C00E66CB6 /* ElectionHistoryView.swift in Sources */ = {isa = PBXBuildFile; fileRef = 5EC73A432990723C00E66CB6 /* ElectionHistoryView.swift */; };
		5EC73A462990725500E66CB6 /* ElectionCourseListView.swift in Sources */ = {isa = PBXBuildFile; fileRef = 5EC73A452990725500E66CB6 /* ElectionCourseListView.swift */; };
		5EC73A482991A5B500E66CB6 /* ElectionDataStructures.swift in Sources */ = {isa = PBXBuildFile; fileRef = 5EC73A472991A5B500E66CB6 /* ElectionDataStructures.swift */; };
		5EC73A4A2991C83700E66CB6 /* CourseSearchFieldView.swift in Sources */ = {isa = PBXBuildFile; fileRef = 5EC73A492991C83700E66CB6 /* CourseSearchFieldView.swift */; };
		5EF1128329763A0A008A4373 /* KeychainService.swift in Sources */ = {isa = PBXBuildFile; fileRef = 5EF1128229763A0A008A4373 /* KeychainService.swift */; };
		5EFB304A29858731006F8D9E /* WebView.swift in Sources */ = {isa = PBXBuildFile; fileRef = 5EFB304929858731006F8D9E /* WebView.swift */; };
		5EFB304D29918385006F8D9E /* PropertyWrappers.swift in Sources */ = {isa = PBXBuildFile; fileRef = 5EFB304C29918385006F8D9E /* PropertyWrappers.swift */; };
/* End PBXBuildFile section */

/* Begin PBXContainerItemProxy section */
		5E2AC587296E16AF00722D02 /* PBXContainerItemProxy */ = {
			isa = PBXContainerItemProxy;
			containerPortal = 5E2AC56E296E16AE00722D02 /* Project object */;
			proxyType = 1;
			remoteGlobalIDString = 5E2AC575296E16AE00722D02;
			remoteInfo = "Perfect Education with CYCU";
		};
		5E2AC591296E16AF00722D02 /* PBXContainerItemProxy */ = {
			isa = PBXContainerItemProxy;
			containerPortal = 5E2AC56E296E16AE00722D02 /* Project object */;
			proxyType = 1;
			remoteGlobalIDString = 5E2AC575296E16AE00722D02;
			remoteInfo = "Perfect Education with CYCU";
		};
/* End PBXContainerItemProxy section */

/* Begin PBXFileReference section */
		5E025605296E1834004E0370 /* LoginView.swift */ = {isa = PBXFileReference; lastKnownFileType = sourcecode.swift; path = LoginView.swift; sourceTree = "<group>"; };
		5E025609296E2F92004E0370 /* General.swift */ = {isa = PBXFileReference; lastKnownFileType = sourcecode.swift; path = General.swift; sourceTree = "<group>"; };
		5E02560B296E35DD004E0370 /* CurrentSession.swift */ = {isa = PBXFileReference; lastKnownFileType = sourcecode.swift; path = CurrentSession.swift; sourceTree = "<group>"; };
		5E2321F82999991300565D59 /* TempView.swift */ = {isa = PBXFileReference; lastKnownFileType = sourcecode.swift; path = TempView.swift; sourceTree = "<group>"; };
		5E2AC576296E16AE00722D02 /* Perfect Education with CYCU.app */ = {isa = PBXFileReference; explicitFileType = wrapper.application; includeInIndex = 0; path = "Perfect Education with CYCU.app"; sourceTree = BUILT_PRODUCTS_DIR; };
		5E2AC579296E16AE00722D02 /* Perfect_Education_with_CYCUApp.swift */ = {isa = PBXFileReference; lastKnownFileType = sourcecode.swift; path = Perfect_Education_with_CYCUApp.swift; sourceTree = "<group>"; };
		5E2AC57B296E16AE00722D02 /* ContentView.swift */ = {isa = PBXFileReference; lastKnownFileType = sourcecode.swift; path = ContentView.swift; sourceTree = "<group>"; };
		5E2AC57D296E16AF00722D02 /* Assets.xcassets */ = {isa = PBXFileReference; lastKnownFileType = folder.assetcatalog; path = Assets.xcassets; sourceTree = "<group>"; };
		5E2AC580296E16AF00722D02 /* Preview Assets.xcassets */ = {isa = PBXFileReference; lastKnownFileType = folder.assetcatalog; path = "Preview Assets.xcassets"; sourceTree = "<group>"; };
		5E2AC586296E16AF00722D02 /* Perfect Education with CYCUTests.xctest */ = {isa = PBXFileReference; explicitFileType = wrapper.cfbundle; includeInIndex = 0; path = "Perfect Education with CYCUTests.xctest"; sourceTree = BUILT_PRODUCTS_DIR; };
		5E2AC58A296E16AF00722D02 /* Perfect_Education_with_CYCUTests.swift */ = {isa = PBXFileReference; lastKnownFileType = sourcecode.swift; path = Perfect_Education_with_CYCUTests.swift; sourceTree = "<group>"; };
		5E2AC590296E16AF00722D02 /* Perfect Education with CYCUUITests.xctest */ = {isa = PBXFileReference; explicitFileType = wrapper.cfbundle; includeInIndex = 0; path = "Perfect Education with CYCUUITests.xctest"; sourceTree = BUILT_PRODUCTS_DIR; };
		5E2AC594296E16AF00722D02 /* Perfect_Education_with_CYCUUITests.swift */ = {isa = PBXFileReference; lastKnownFileType = sourcecode.swift; path = Perfect_Education_with_CYCUUITests.swift; sourceTree = "<group>"; };
		5E2AC596296E16AF00722D02 /* Perfect_Education_with_CYCUUITestsLaunchTests.swift */ = {isa = PBXFileReference; lastKnownFileType = sourcecode.swift; path = Perfect_Education_with_CYCUUITestsLaunchTests.swift; sourceTree = "<group>"; };
		5E3C93F729710C840036B342 /* PortalServicesView.swift */ = {isa = PBXFileReference; lastKnownFileType = sourcecode.swift; path = PortalServicesView.swift; sourceTree = "<group>"; };
		5E3C93F929710F8B0036B342 /* WorkStudyView.swift */ = {isa = PBXFileReference; lastKnownFileType = sourcecode.swift; path = WorkStudyView.swift; sourceTree = "<group>"; };
		5E3C93FB297114600036B342 /* MentorView.swift */ = {isa = PBXFileReference; lastKnownFileType = sourcecode.swift; path = MentorView.swift; sourceTree = "<group>"; };
		5E3C93FD29711C190036B342 /* ElectionRootView.swift */ = {isa = PBXFileReference; lastKnownFileType = sourcecode.swift; path = ElectionRootView.swift; sourceTree = "<group>"; };
		5E3C93FF29711C240036B342 /* CreditsView.swift */ = {isa = PBXFileReference; lastKnownFileType = sourcecode.swift; path = CreditsView.swift; sourceTree = "<group>"; };
		5E3C940129711C900036B342 /* HealthView.swift */ = {isa = PBXFileReference; lastKnownFileType = sourcecode.swift; path = HealthView.swift; sourceTree = "<group>"; };
		5E3C940329711CD60036B342 /* AccountView.swift */ = {isa = PBXFileReference; lastKnownFileType = sourcecode.swift; path = AccountView.swift; sourceTree = "<group>"; };
		5E3C94052971247E0036B342 /* ControllerView.swift */ = {isa = PBXFileReference; lastKnownFileType = sourcecode.swift; path = ControllerView.swift; sourceTree = "<group>"; };
		5E4B43AE296F4287005A0215 /* SFSafariView.swift */ = {isa = PBXFileReference; lastKnownFileType = sourcecode.swift; path = SFSafariView.swift; sourceTree = "<group>"; };
		5E68CF952976DC3E008AF377 /* Extensions.swift */ = {isa = PBXFileReference; lastKnownFileType = sourcecode.swift; path = Extensions.swift; sourceTree = "<group>"; };
		5E68CF982978FAF3008AF377 /* WorkStudy.swift */ = {isa = PBXFileReference; lastKnownFileType = sourcecode.swift; path = WorkStudy.swift; sourceTree = "<group>"; };
		5E68CF9A2978FB2B008AF377 /* Credits.swift */ = {isa = PBXFileReference; lastKnownFileType = sourcecode.swift; path = Credits.swift; sourceTree = "<group>"; };
		5E68CF9C2978FB83008AF377 /* ElectionDefinitions.swift */ = {isa = PBXFileReference; lastKnownFileType = sourcecode.swift; path = ElectionDefinitions.swift; sourceTree = "<group>"; };
		5E68CF9E2978FBDC008AF377 /* Authenticate.swift */ = {isa = PBXFileReference; lastKnownFileType = sourcecode.swift; path = Authenticate.swift; sourceTree = "<group>"; };
		5E68CFA02978FF0B008AF377 /* Protocols.swift */ = {isa = PBXFileReference; lastKnownFileType = sourcecode.swift; path = Protocols.swift; sourceTree = "<group>"; };
		5E9763702998BEA70046F5C4 /* ElectionAdvancedSearchView.swift */ = {isa = PBXFileReference; lastKnownFileType = sourcecode.swift; path = ElectionAdvancedSearchView.swift; sourceTree = "<group>"; };
		5EC73A3D299071BC00E66CB6 /* ElectionAnnouncementView.swift */ = {isa = PBXFileReference; lastKnownFileType = sourcecode.swift; path = ElectionAnnouncementView.swift; sourceTree = "<group>"; };
		5EC73A3F299071F800E66CB6 /* ElectionEventView.swift */ = {isa = PBXFileReference; lastKnownFileType = sourcecode.swift; path = ElectionEventView.swift; sourceTree = "<group>"; };
		5EC73A412990722200E66CB6 /* ElectionStudentBaseInformationView.swift */ = {isa = PBXFileReference; lastKnownFileType = sourcecode.swift; path = ElectionStudentBaseInformationView.swift; sourceTree = "<group>"; };
		5EC73A432990723C00E66CB6 /* ElectionHistoryView.swift */ = {isa = PBXFileReference; lastKnownFileType = sourcecode.swift; path = ElectionHistoryView.swift; sourceTree = "<group>"; };
		5EC73A452990725500E66CB6 /* ElectionCourseListView.swift */ = {isa = PBXFileReference; lastKnownFileType = sourcecode.swift; path = ElectionCourseListView.swift; sourceTree = "<group>"; };
		5EC73A472991A5B500E66CB6 /* ElectionDataStructures.swift */ = {isa = PBXFileReference; lastKnownFileType = sourcecode.swift; path = ElectionDataStructures.swift; sourceTree = "<group>"; };
		5EC73A492991C83700E66CB6 /* CourseSearchFieldView.swift */ = {isa = PBXFileReference; lastKnownFileType = sourcecode.swift; path = CourseSearchFieldView.swift; sourceTree = "<group>"; };
		5EF1128229763A0A008A4373 /* KeychainService.swift */ = {isa = PBXFileReference; lastKnownFileType = sourcecode.swift; path = KeychainService.swift; sourceTree = "<group>"; };
		5EFB304929858731006F8D9E /* WebView.swift */ = {isa = PBXFileReference; lastKnownFileType = sourcecode.swift; path = WebView.swift; sourceTree = "<group>"; };
		5EFB304C29918385006F8D9E /* PropertyWrappers.swift */ = {isa = PBXFileReference; lastKnownFileType = sourcecode.swift; path = PropertyWrappers.swift; sourceTree = "<group>"; };
/* End PBXFileReference section */

/* Begin PBXFrameworksBuildPhase section */
		5E2AC573296E16AE00722D02 /* Frameworks */ = {
			isa = PBXFrameworksBuildPhase;
			buildActionMask = 2147483647;
			files = (
			);
			runOnlyForDeploymentPostprocessing = 0;
		};
		5E2AC583296E16AF00722D02 /* Frameworks */ = {
			isa = PBXFrameworksBuildPhase;
			buildActionMask = 2147483647;
			files = (
			);
			runOnlyForDeploymentPostprocessing = 0;
		};
		5E2AC58D296E16AF00722D02 /* Frameworks */ = {
			isa = PBXFrameworksBuildPhase;
			buildActionMask = 2147483647;
			files = (
			);
			runOnlyForDeploymentPostprocessing = 0;
		};
/* End PBXFrameworksBuildPhase section */

/* Begin PBXGroup section */
		5E025607296E2F5F004E0370 /* UIKitRepresentables */ = {
			isa = PBXGroup;
			children = (
				5E4B43AE296F4287005A0215 /* SFSafariView.swift */,
				5EFB304929858731006F8D9E /* WebView.swift */,
				5EC73A492991C83700E66CB6 /* CourseSearchFieldView.swift */,
			);
			path = UIKitRepresentables;
			sourceTree = "<group>";
		};
		5E025608296E2F75004E0370 /* Model */ = {
			isa = PBXGroup;
			children = (
				5E68CFA02978FF0B008AF377 /* Protocols.swift */,
				5E02560B296E35DD004E0370 /* CurrentSession.swift */,
				5E68CF972978FABD008AF377 /* Definitions */,
				5EFB304B2991831B006F8D9E /* Helpers */,
			);
			path = Model;
			sourceTree = "<group>";
		};
		5E2AC56D296E16AE00722D02 = {
			isa = PBXGroup;
			children = (
				5E2AC578296E16AE00722D02 /* Perfect Education with CYCU */,
				5E2AC589296E16AF00722D02 /* Perfect Education with CYCUTests */,
				5E2AC593296E16AF00722D02 /* Perfect Education with CYCUUITests */,
				5E2AC577296E16AE00722D02 /* Products */,
			);
			sourceTree = "<group>";
		};
		5E2AC577296E16AE00722D02 /* Products */ = {
			isa = PBXGroup;
			children = (
				5E2AC576296E16AE00722D02 /* Perfect Education with CYCU.app */,
				5E2AC586296E16AF00722D02 /* Perfect Education with CYCUTests.xctest */,
				5E2AC590296E16AF00722D02 /* Perfect Education with CYCUUITests.xctest */,
			);
			name = Products;
			sourceTree = "<group>";
		};
		5E2AC578296E16AE00722D02 /* Perfect Education with CYCU */ = {
			isa = PBXGroup;
			children = (
				5E2AC579296E16AE00722D02 /* Perfect_Education_with_CYCUApp.swift */,
				5E2AC5A3296E16EE00722D02 /* Views */,
				5E025608296E2F75004E0370 /* Model */,
				5E2AC57D296E16AF00722D02 /* Assets.xcassets */,
				5E2AC57F296E16AF00722D02 /* Preview Content */,
				5E2321F82999991300565D59 /* TempView.swift */,
			);
			path = "Perfect Education with CYCU";
			sourceTree = "<group>";
		};
		5E2AC57F296E16AF00722D02 /* Preview Content */ = {
			isa = PBXGroup;
			children = (
				5E2AC580296E16AF00722D02 /* Preview Assets.xcassets */,
			);
			path = "Preview Content";
			sourceTree = "<group>";
		};
		5E2AC589296E16AF00722D02 /* Perfect Education with CYCUTests */ = {
			isa = PBXGroup;
			children = (
				5E2AC58A296E16AF00722D02 /* Perfect_Education_with_CYCUTests.swift */,
			);
			path = "Perfect Education with CYCUTests";
			sourceTree = "<group>";
		};
		5E2AC593296E16AF00722D02 /* Perfect Education with CYCUUITests */ = {
			isa = PBXGroup;
			children = (
				5E2AC594296E16AF00722D02 /* Perfect_Education_with_CYCUUITests.swift */,
				5E2AC596296E16AF00722D02 /* Perfect_Education_with_CYCUUITestsLaunchTests.swift */,
			);
			path = "Perfect Education with CYCUUITests";
			sourceTree = "<group>";
		};
		5E2AC5A3296E16EE00722D02 /* Views */ = {
			isa = PBXGroup;
			children = (
				5E3C94052971247E0036B342 /* ControllerView.swift */,
				5E025605296E1834004E0370 /* LoginView.swift */,
				5E2AC57B296E16AE00722D02 /* ContentView.swift */,
				5E3C940329711CD60036B342 /* AccountView.swift */,
				5E3C93F729710C840036B342 /* PortalServicesView.swift */,
				5E3C93F929710F8B0036B342 /* WorkStudyView.swift */,
				5E3C93FB297114600036B342 /* MentorView.swift */,
				5EC73A3C2990718800E66CB6 /* ElectionViews */,
				5E3C93FF29711C240036B342 /* CreditsView.swift */,
				5E3C940129711C900036B342 /* HealthView.swift */,
				5EFB304E29986CA4006F8D9E /* Helpers */,
				5E025607296E2F5F004E0370 /* UIKitRepresentables */,
			);
			path = Views;
			sourceTree = "<group>";
		};
		5E68CF972978FABD008AF377 /* Definitions */ = {
			isa = PBXGroup;
			children = (
				5E025609296E2F92004E0370 /* General.swift */,
				5E68CF9E2978FBDC008AF377 /* Authenticate.swift */,
				5E68CF982978FAF3008AF377 /* WorkStudy.swift */,
				5E68CF9A2978FB2B008AF377 /* Credits.swift */,
				5E68CF9C2978FB83008AF377 /* ElectionDefinitions.swift */,
				5EC73A472991A5B500E66CB6 /* ElectionDataStructures.swift */,
			);
			path = Definitions;
			sourceTree = "<group>";
		};
		5EC73A3C2990718800E66CB6 /* ElectionViews */ = {
			isa = PBXGroup;
			children = (
				5E3C93FD29711C190036B342 /* ElectionRootView.swift */,
				5E9763702998BEA70046F5C4 /* ElectionAdvancedSearchView.swift */,
				5EC73A3D299071BC00E66CB6 /* ElectionAnnouncementView.swift */,
				5EC73A3F299071F800E66CB6 /* ElectionEventView.swift */,
				5EC73A412990722200E66CB6 /* ElectionStudentBaseInformationView.swift */,
				5EC73A432990723C00E66CB6 /* ElectionHistoryView.swift */,
				5EC73A452990725500E66CB6 /* ElectionCourseListView.swift */,
			);
			path = ElectionViews;
			sourceTree = "<group>";
		};
		5EFB304B2991831B006F8D9E /* Helpers */ = {
			isa = PBXGroup;
			children = (
				5EF1128229763A0A008A4373 /* KeychainService.swift */,
				5E68CF952976DC3E008AF377 /* Extensions.swift */,
				5EFB304C29918385006F8D9E /* PropertyWrappers.swift */,
			);
			path = Helpers;
			sourceTree = "<group>";
		};
		5EFB304E29986CA4006F8D9E /* Helpers */ = {
			isa = PBXGroup;
			children = (
			);
			path = Helpers;
			sourceTree = "<group>";
		};
/* End PBXGroup section */

/* Begin PBXNativeTarget section */
		5E2AC575296E16AE00722D02 /* Perfect Education with CYCU */ = {
			isa = PBXNativeTarget;
			buildConfigurationList = 5E2AC59A296E16AF00722D02 /* Build configuration list for PBXNativeTarget "Perfect Education with CYCU" */;
			buildPhases = (
				5E2AC572296E16AE00722D02 /* Sources */,
				5E2AC573296E16AE00722D02 /* Frameworks */,
				5E2AC574296E16AE00722D02 /* Resources */,
			);
			buildRules = (
			);
			dependencies = (
			);
			name = "Perfect Education with CYCU";
			productName = "Perfect Education with CYCU";
			productReference = 5E2AC576296E16AE00722D02 /* Perfect Education with CYCU.app */;
			productType = "com.apple.product-type.application";
		};
		5E2AC585296E16AF00722D02 /* Perfect Education with CYCUTests */ = {
			isa = PBXNativeTarget;
			buildConfigurationList = 5E2AC59D296E16AF00722D02 /* Build configuration list for PBXNativeTarget "Perfect Education with CYCUTests" */;
			buildPhases = (
				5E2AC582296E16AF00722D02 /* Sources */,
				5E2AC583296E16AF00722D02 /* Frameworks */,
				5E2AC584296E16AF00722D02 /* Resources */,
			);
			buildRules = (
			);
			dependencies = (
				5E2AC588296E16AF00722D02 /* PBXTargetDependency */,
			);
			name = "Perfect Education with CYCUTests";
			productName = "Perfect Education with CYCUTests";
			productReference = 5E2AC586296E16AF00722D02 /* Perfect Education with CYCUTests.xctest */;
			productType = "com.apple.product-type.bundle.unit-test";
		};
		5E2AC58F296E16AF00722D02 /* Perfect Education with CYCUUITests */ = {
			isa = PBXNativeTarget;
			buildConfigurationList = 5E2AC5A0296E16AF00722D02 /* Build configuration list for PBXNativeTarget "Perfect Education with CYCUUITests" */;
			buildPhases = (
				5E2AC58C296E16AF00722D02 /* Sources */,
				5E2AC58D296E16AF00722D02 /* Frameworks */,
				5E2AC58E296E16AF00722D02 /* Resources */,
			);
			buildRules = (
			);
			dependencies = (
				5E2AC592296E16AF00722D02 /* PBXTargetDependency */,
			);
			name = "Perfect Education with CYCUUITests";
			productName = "Perfect Education with CYCUUITests";
			productReference = 5E2AC590296E16AF00722D02 /* Perfect Education with CYCUUITests.xctest */;
			productType = "com.apple.product-type.bundle.ui-testing";
		};
/* End PBXNativeTarget section */

/* Begin PBXProject section */
		5E2AC56E296E16AE00722D02 /* Project object */ = {
			isa = PBXProject;
			attributes = {
				BuildIndependentTargetsInParallel = 1;
				LastSwiftUpdateCheck = 1410;
				LastUpgradeCheck = 1410;
				TargetAttributes = {
					5E2AC575296E16AE00722D02 = {
						CreatedOnToolsVersion = 14.1;
					};
					5E2AC585296E16AF00722D02 = {
						CreatedOnToolsVersion = 14.1;
						TestTargetID = 5E2AC575296E16AE00722D02;
					};
					5E2AC58F296E16AF00722D02 = {
						CreatedOnToolsVersion = 14.1;
						TestTargetID = 5E2AC575296E16AE00722D02;
					};
				};
			};
			buildConfigurationList = 5E2AC571296E16AE00722D02 /* Build configuration list for PBXProject "Perfect Education with CYCU" */;
			compatibilityVersion = "Xcode 14.0";
			developmentRegion = en;
			hasScannedForEncodings = 0;
			knownRegions = (
				en,
				Base,
			);
			mainGroup = 5E2AC56D296E16AE00722D02;
			productRefGroup = 5E2AC577296E16AE00722D02 /* Products */;
			projectDirPath = "";
			projectRoot = "";
			targets = (
				5E2AC575296E16AE00722D02 /* Perfect Education with CYCU */,
				5E2AC585296E16AF00722D02 /* Perfect Education with CYCUTests */,
				5E2AC58F296E16AF00722D02 /* Perfect Education with CYCUUITests */,
			);
		};
/* End PBXProject section */

/* Begin PBXResourcesBuildPhase section */
		5E2AC574296E16AE00722D02 /* Resources */ = {
			isa = PBXResourcesBuildPhase;
			buildActionMask = 2147483647;
			files = (
				5E2AC581296E16AF00722D02 /* Preview Assets.xcassets in Resources */,
				5E2AC57E296E16AF00722D02 /* Assets.xcassets in Resources */,
			);
			runOnlyForDeploymentPostprocessing = 0;
		};
		5E2AC584296E16AF00722D02 /* Resources */ = {
			isa = PBXResourcesBuildPhase;
			buildActionMask = 2147483647;
			files = (
			);
			runOnlyForDeploymentPostprocessing = 0;
		};
		5E2AC58E296E16AF00722D02 /* Resources */ = {
			isa = PBXResourcesBuildPhase;
			buildActionMask = 2147483647;
			files = (
			);
			runOnlyForDeploymentPostprocessing = 0;
		};
/* End PBXResourcesBuildPhase section */

/* Begin PBXSourcesBuildPhase section */
		5E2AC572296E16AE00722D02 /* Sources */ = {
			isa = PBXSourcesBuildPhase;
			buildActionMask = 2147483647;
			files = (
				5EC73A442990723C00E66CB6 /* ElectionHistoryView.swift in Sources */,
				5E3C94062971247E0036B342 /* ControllerView.swift in Sources */,
				5E3C940229711C900036B342 /* HealthView.swift in Sources */,
				5EC73A482991A5B500E66CB6 /* ElectionDataStructures.swift in Sources */,
				5E02560A296E2F92004E0370 /* General.swift in Sources */,
				5E3C940029711C240036B342 /* CreditsView.swift in Sources */,
				5E3C93FE29711C190036B342 /* ElectionRootView.swift in Sources */,
				5E02560C296E35DD004E0370 /* CurrentSession.swift in Sources */,
				5E2321F92999991300565D59 /* TempView.swift in Sources */,
				5EC73A422990722200E66CB6 /* ElectionStudentBaseInformationView.swift in Sources */,
				5E68CF9D2978FB83008AF377 /* ElectionDefinitions.swift in Sources */,
				5E025606296E1834004E0370 /* LoginView.swift in Sources */,
				5E68CF9F2978FBDC008AF377 /* Authenticate.swift in Sources */,
				5E68CFA12978FF0B008AF377 /* Protocols.swift in Sources */,
				5E9763712998BEA70046F5C4 /* ElectionAdvancedSearchView.swift in Sources */,
				5EC73A3E299071BC00E66CB6 /* ElectionAnnouncementView.swift in Sources */,
				5E3C940429711CD60036B342 /* AccountView.swift in Sources */,
				5EFB304D29918385006F8D9E /* PropertyWrappers.swift in Sources */,
				5EF1128329763A0A008A4373 /* KeychainService.swift in Sources */,
				5E4B43AF296F4287005A0215 /* SFSafariView.swift in Sources */,
				5E3C93F829710C840036B342 /* PortalServicesView.swift in Sources */,
				5E68CF992978FAF3008AF377 /* WorkStudy.swift in Sources */,
				5EC73A462990725500E66CB6 /* ElectionCourseListView.swift in Sources */,
				5E68CF962976DC3E008AF377 /* Extensions.swift in Sources */,
				5E3C93FA29710F8B0036B342 /* WorkStudyView.swift in Sources */,
				5EC73A40299071F800E66CB6 /* ElectionEventView.swift in Sources */,
				5E3C93FC297114600036B342 /* MentorView.swift in Sources */,
				5E2AC57C296E16AE00722D02 /* ContentView.swift in Sources */,
				5E68CF9B2978FB2B008AF377 /* Credits.swift in Sources */,
				5E2AC57A296E16AE00722D02 /* Perfect_Education_with_CYCUApp.swift in Sources */,
				5EFB304A29858731006F8D9E /* WebView.swift in Sources */,
				5EC73A4A2991C83700E66CB6 /* CourseSearchFieldView.swift in Sources */,
			);
			runOnlyForDeploymentPostprocessing = 0;
		};
		5E2AC582296E16AF00722D02 /* Sources */ = {
			isa = PBXSourcesBuildPhase;
			buildActionMask = 2147483647;
			files = (
				5E2AC58B296E16AF00722D02 /* Perfect_Education_with_CYCUTests.swift in Sources */,
			);
			runOnlyForDeploymentPostprocessing = 0;
		};
		5E2AC58C296E16AF00722D02 /* Sources */ = {
			isa = PBXSourcesBuildPhase;
			buildActionMask = 2147483647;
			files = (
				5E2AC595296E16AF00722D02 /* Perfect_Education_with_CYCUUITests.swift in Sources */,
				5E2AC597296E16AF00722D02 /* Perfect_Education_with_CYCUUITestsLaunchTests.swift in Sources */,
			);
			runOnlyForDeploymentPostprocessing = 0;
		};
/* End PBXSourcesBuildPhase section */

/* Begin PBXTargetDependency section */
		5E2AC588296E16AF00722D02 /* PBXTargetDependency */ = {
			isa = PBXTargetDependency;
			target = 5E2AC575296E16AE00722D02 /* Perfect Education with CYCU */;
			targetProxy = 5E2AC587296E16AF00722D02 /* PBXContainerItemProxy */;
		};
		5E2AC592296E16AF00722D02 /* PBXTargetDependency */ = {
			isa = PBXTargetDependency;
			target = 5E2AC575296E16AE00722D02 /* Perfect Education with CYCU */;
			targetProxy = 5E2AC591296E16AF00722D02 /* PBXContainerItemProxy */;
		};
/* End PBXTargetDependency section */

/* Begin XCBuildConfiguration section */
		5E2AC598296E16AF00722D02 /* Debug */ = {
			isa = XCBuildConfiguration;
			buildSettings = {
				ALWAYS_SEARCH_USER_PATHS = NO;
				CLANG_ANALYZER_NONNULL = YES;
				CLANG_ANALYZER_NUMBER_OBJECT_CONVERSION = YES_AGGRESSIVE;
				CLANG_CXX_LANGUAGE_STANDARD = "gnu++20";
				CLANG_ENABLE_MODULES = YES;
				CLANG_ENABLE_OBJC_ARC = YES;
				CLANG_ENABLE_OBJC_WEAK = YES;
				CLANG_WARN_BLOCK_CAPTURE_AUTORELEASING = YES;
				CLANG_WARN_BOOL_CONVERSION = YES;
				CLANG_WARN_COMMA = YES;
				CLANG_WARN_CONSTANT_CONVERSION = YES;
				CLANG_WARN_DEPRECATED_OBJC_IMPLEMENTATIONS = YES;
				CLANG_WARN_DIRECT_OBJC_ISA_USAGE = YES_ERROR;
				CLANG_WARN_DOCUMENTATION_COMMENTS = YES;
				CLANG_WARN_EMPTY_BODY = YES;
				CLANG_WARN_ENUM_CONVERSION = YES;
				CLANG_WARN_INFINITE_RECURSION = YES;
				CLANG_WARN_INT_CONVERSION = YES;
				CLANG_WARN_NON_LITERAL_NULL_CONVERSION = YES;
				CLANG_WARN_OBJC_IMPLICIT_RETAIN_SELF = YES;
				CLANG_WARN_OBJC_LITERAL_CONVERSION = YES;
				CLANG_WARN_OBJC_ROOT_CLASS = YES_ERROR;
				CLANG_WARN_QUOTED_INCLUDE_IN_FRAMEWORK_HEADER = YES;
				CLANG_WARN_RANGE_LOOP_ANALYSIS = YES;
				CLANG_WARN_STRICT_PROTOTYPES = YES;
				CLANG_WARN_SUSPICIOUS_MOVE = YES;
				CLANG_WARN_UNGUARDED_AVAILABILITY = YES_AGGRESSIVE;
				CLANG_WARN_UNREACHABLE_CODE = YES;
				CLANG_WARN__DUPLICATE_METHOD_MATCH = YES;
				COPY_PHASE_STRIP = NO;
				DEBUG_INFORMATION_FORMAT = dwarf;
				ENABLE_STRICT_OBJC_MSGSEND = YES;
				ENABLE_TESTABILITY = YES;
				GCC_C_LANGUAGE_STANDARD = gnu11;
				GCC_DYNAMIC_NO_PIC = NO;
				GCC_NO_COMMON_BLOCKS = YES;
				GCC_OPTIMIZATION_LEVEL = 0;
				GCC_PREPROCESSOR_DEFINITIONS = (
					"DEBUG=1",
					"$(inherited)",
				);
				GCC_WARN_64_TO_32_BIT_CONVERSION = YES;
				GCC_WARN_ABOUT_RETURN_TYPE = YES_ERROR;
				GCC_WARN_UNDECLARED_SELECTOR = YES;
				GCC_WARN_UNINITIALIZED_AUTOS = YES_AGGRESSIVE;
				GCC_WARN_UNUSED_FUNCTION = YES;
				GCC_WARN_UNUSED_VARIABLE = YES;
				IPHONEOS_DEPLOYMENT_TARGET = 16.1;
				MTL_ENABLE_DEBUG_INFO = INCLUDE_SOURCE;
				MTL_FAST_MATH = YES;
				ONLY_ACTIVE_ARCH = YES;
				SDKROOT = iphoneos;
				SWIFT_ACTIVE_COMPILATION_CONDITIONS = DEBUG;
				SWIFT_OPTIMIZATION_LEVEL = "-Onone";
			};
			name = Debug;
		};
		5E2AC599296E16AF00722D02 /* Release */ = {
			isa = XCBuildConfiguration;
			buildSettings = {
				ALWAYS_SEARCH_USER_PATHS = NO;
				CLANG_ANALYZER_NONNULL = YES;
				CLANG_ANALYZER_NUMBER_OBJECT_CONVERSION = YES_AGGRESSIVE;
				CLANG_CXX_LANGUAGE_STANDARD = "gnu++20";
				CLANG_ENABLE_MODULES = YES;
				CLANG_ENABLE_OBJC_ARC = YES;
				CLANG_ENABLE_OBJC_WEAK = YES;
				CLANG_WARN_BLOCK_CAPTURE_AUTORELEASING = YES;
				CLANG_WARN_BOOL_CONVERSION = YES;
				CLANG_WARN_COMMA = YES;
				CLANG_WARN_CONSTANT_CONVERSION = YES;
				CLANG_WARN_DEPRECATED_OBJC_IMPLEMENTATIONS = YES;
				CLANG_WARN_DIRECT_OBJC_ISA_USAGE = YES_ERROR;
				CLANG_WARN_DOCUMENTATION_COMMENTS = YES;
				CLANG_WARN_EMPTY_BODY = YES;
				CLANG_WARN_ENUM_CONVERSION = YES;
				CLANG_WARN_INFINITE_RECURSION = YES;
				CLANG_WARN_INT_CONVERSION = YES;
				CLANG_WARN_NON_LITERAL_NULL_CONVERSION = YES;
				CLANG_WARN_OBJC_IMPLICIT_RETAIN_SELF = YES;
				CLANG_WARN_OBJC_LITERAL_CONVERSION = YES;
				CLANG_WARN_OBJC_ROOT_CLASS = YES_ERROR;
				CLANG_WARN_QUOTED_INCLUDE_IN_FRAMEWORK_HEADER = YES;
				CLANG_WARN_RANGE_LOOP_ANALYSIS = YES;
				CLANG_WARN_STRICT_PROTOTYPES = YES;
				CLANG_WARN_SUSPICIOUS_MOVE = YES;
				CLANG_WARN_UNGUARDED_AVAILABILITY = YES_AGGRESSIVE;
				CLANG_WARN_UNREACHABLE_CODE = YES;
				CLANG_WARN__DUPLICATE_METHOD_MATCH = YES;
				COPY_PHASE_STRIP = NO;
				DEBUG_INFORMATION_FORMAT = "dwarf-with-dsym";
				ENABLE_NS_ASSERTIONS = NO;
				ENABLE_STRICT_OBJC_MSGSEND = YES;
				GCC_C_LANGUAGE_STANDARD = gnu11;
				GCC_NO_COMMON_BLOCKS = YES;
				GCC_WARN_64_TO_32_BIT_CONVERSION = YES;
				GCC_WARN_ABOUT_RETURN_TYPE = YES_ERROR;
				GCC_WARN_UNDECLARED_SELECTOR = YES;
				GCC_WARN_UNINITIALIZED_AUTOS = YES_AGGRESSIVE;
				GCC_WARN_UNUSED_FUNCTION = YES;
				GCC_WARN_UNUSED_VARIABLE = YES;
				IPHONEOS_DEPLOYMENT_TARGET = 16.1;
				MTL_ENABLE_DEBUG_INFO = NO;
				MTL_FAST_MATH = YES;
				SDKROOT = iphoneos;
				SWIFT_COMPILATION_MODE = wholemodule;
				SWIFT_OPTIMIZATION_LEVEL = "-O";
				VALIDATE_PRODUCT = YES;
			};
			name = Release;
		};
		5E2AC59B296E16AF00722D02 /* Debug */ = {
			isa = XCBuildConfiguration;
			buildSettings = {
				ASSETCATALOG_COMPILER_APPICON_NAME = AppIcon;
				ASSETCATALOG_COMPILER_GLOBAL_ACCENT_COLOR_NAME = AccentColor;
				CODE_SIGN_STYLE = Automatic;
				CURRENT_PROJECT_VERSION = 1;
				DEVELOPMENT_ASSET_PATHS = "\"Perfect Education with CYCU/Preview Content\"";
				DEVELOPMENT_TEAM = KM5MKB3J43;
				ENABLE_PREVIEWS = YES;
				GENERATE_INFOPLIST_FILE = YES;
				INFOPLIST_KEY_NSFaceIDUsageDescription = "We will use Face ID for you to log into the application.";
				INFOPLIST_KEY_UIApplicationSceneManifest_Generation = YES;
				INFOPLIST_KEY_UIApplicationSupportsIndirectInputEvents = YES;
				INFOPLIST_KEY_UILaunchScreen_Generation = YES;
				INFOPLIST_KEY_UISupportedInterfaceOrientations = UIInterfaceOrientationPortrait;
				INFOPLIST_KEY_UISupportedInterfaceOrientations_iPad = "UIInterfaceOrientationLandscapeLeft UIInterfaceOrientationLandscapeRight UIInterfaceOrientationPortrait UIInterfaceOrientationPortraitUpsideDown";
				LD_RUNPATH_SEARCH_PATHS = (
					"$(inherited)",
					"@executable_path/Frameworks",
				);
				MARKETING_VERSION = 1.0;
				OTHER_SWIFT_FLAGS = "";
				PRODUCT_BUNDLE_IDENTIFIER = "com.zyozi.Perfect-Education-with-CYCU";
				PRODUCT_NAME = "$(TARGET_NAME)";
				SWIFT_DISABLE_SAFETY_CHECKS = NO;
				SWIFT_EMIT_LOC_STRINGS = YES;
				SWIFT_VERSION = 5.0;
				TARGETED_DEVICE_FAMILY = "1,2";
			};
			name = Debug;
		};
		5E2AC59C296E16AF00722D02 /* Release */ = {
			isa = XCBuildConfiguration;
			buildSettings = {
				ASSETCATALOG_COMPILER_APPICON_NAME = AppIcon;
				ASSETCATALOG_COMPILER_GLOBAL_ACCENT_COLOR_NAME = AccentColor;
				CODE_SIGN_STYLE = Automatic;
				CURRENT_PROJECT_VERSION = 1;
				DEVELOPMENT_ASSET_PATHS = "\"Perfect Education with CYCU/Preview Content\"";
				DEVELOPMENT_TEAM = KM5MKB3J43;
				ENABLE_PREVIEWS = YES;
				GENERATE_INFOPLIST_FILE = YES;
				INFOPLIST_KEY_NSFaceIDUsageDescription = "We will use Face ID for you to log into the application.";
				INFOPLIST_KEY_UIApplicationSceneManifest_Generation = YES;
				INFOPLIST_KEY_UIApplicationSupportsIndirectInputEvents = YES;
				INFOPLIST_KEY_UILaunchScreen_Generation = YES;
				INFOPLIST_KEY_UISupportedInterfaceOrientations = UIInterfaceOrientationPortrait;
				INFOPLIST_KEY_UISupportedInterfaceOrientations_iPad = "UIInterfaceOrientationLandscapeLeft UIInterfaceOrientationLandscapeRight UIInterfaceOrientationPortrait UIInterfaceOrientationPortraitUpsideDown";
				LD_RUNPATH_SEARCH_PATHS = (
					"$(inherited)",
					"@executable_path/Frameworks",
				);
				MARKETING_VERSION = 1.0;
				OTHER_SWIFT_FLAGS = "";
				PRODUCT_BUNDLE_IDENTIFIER = "com.zyozi.Perfect-Education-with-CYCU";
				PRODUCT_NAME = "$(TARGET_NAME)";
				SWIFT_DISABLE_SAFETY_CHECKS = NO;
				SWIFT_EMIT_LOC_STRINGS = YES;
				SWIFT_VERSION = 5.0;
				TARGETED_DEVICE_FAMILY = "1,2";
			};
			name = Release;
		};
		5E2AC59E296E16AF00722D02 /* Debug */ = {
			isa = XCBuildConfiguration;
			buildSettings = {
				ALWAYS_EMBED_SWIFT_STANDARD_LIBRARIES = YES;
				BUNDLE_LOADER = "$(TEST_HOST)";
				CODE_SIGN_STYLE = Automatic;
				CURRENT_PROJECT_VERSION = 1;
				DEVELOPMENT_TEAM = KM5MKB3J43;
				GENERATE_INFOPLIST_FILE = YES;
				IPHONEOS_DEPLOYMENT_TARGET = 16.1;
				MARKETING_VERSION = 1.0;
				PRODUCT_BUNDLE_IDENTIFIER = "com.zyozi.Perfect-Education-with-CYCUTests";
				PRODUCT_NAME = "$(TARGET_NAME)";
				SWIFT_EMIT_LOC_STRINGS = NO;
				SWIFT_VERSION = 5.0;
				TARGETED_DEVICE_FAMILY = "1,2";
				TEST_HOST = "$(BUILT_PRODUCTS_DIR)/Perfect Education with CYCU.app/$(BUNDLE_EXECUTABLE_FOLDER_PATH)/Perfect Education with CYCU";
			};
			name = Debug;
		};
		5E2AC59F296E16AF00722D02 /* Release */ = {
			isa = XCBuildConfiguration;
			buildSettings = {
				ALWAYS_EMBED_SWIFT_STANDARD_LIBRARIES = YES;
				BUNDLE_LOADER = "$(TEST_HOST)";
				CODE_SIGN_STYLE = Automatic;
				CURRENT_PROJECT_VERSION = 1;
				DEVELOPMENT_TEAM = KM5MKB3J43;
				GENERATE_INFOPLIST_FILE = YES;
				IPHONEOS_DEPLOYMENT_TARGET = 16.1;
				MARKETING_VERSION = 1.0;
				PRODUCT_BUNDLE_IDENTIFIER = "com.zyozi.Perfect-Education-with-CYCUTests";
				PRODUCT_NAME = "$(TARGET_NAME)";
				SWIFT_EMIT_LOC_STRINGS = NO;
				SWIFT_VERSION = 5.0;
				TARGETED_DEVICE_FAMILY = "1,2";
				TEST_HOST = "$(BUILT_PRODUCTS_DIR)/Perfect Education with CYCU.app/$(BUNDLE_EXECUTABLE_FOLDER_PATH)/Perfect Education with CYCU";
			};
			name = Release;
		};
		5E2AC5A1296E16AF00722D02 /* Debug */ = {
			isa = XCBuildConfiguration;
			buildSettings = {
				ALWAYS_EMBED_SWIFT_STANDARD_LIBRARIES = YES;
				CODE_SIGN_STYLE = Automatic;
				CURRENT_PROJECT_VERSION = 1;
				DEVELOPMENT_TEAM = KM5MKB3J43;
				GENERATE_INFOPLIST_FILE = YES;
				MARKETING_VERSION = 1.0;
				PRODUCT_BUNDLE_IDENTIFIER = "com.zyozi.Perfect-Education-with-CYCUUITests";
				PRODUCT_NAME = "$(TARGET_NAME)";
				SWIFT_EMIT_LOC_STRINGS = NO;
				SWIFT_VERSION = 5.0;
				TARGETED_DEVICE_FAMILY = "1,2";
				TEST_TARGET_NAME = "Perfect Education with CYCU";
			};
			name = Debug;
		};
		5E2AC5A2296E16AF00722D02 /* Release */ = {
			isa = XCBuildConfiguration;
			buildSettings = {
				ALWAYS_EMBED_SWIFT_STANDARD_LIBRARIES = YES;
				CODE_SIGN_STYLE = Automatic;
				CURRENT_PROJECT_VERSION = 1;
				DEVELOPMENT_TEAM = KM5MKB3J43;
				GENERATE_INFOPLIST_FILE = YES;
				MARKETING_VERSION = 1.0;
				PRODUCT_BUNDLE_IDENTIFIER = "com.zyozi.Perfect-Education-with-CYCUUITests";
				PRODUCT_NAME = "$(TARGET_NAME)";
				SWIFT_EMIT_LOC_STRINGS = NO;
				SWIFT_VERSION = 5.0;
				TARGETED_DEVICE_FAMILY = "1,2";
				TEST_TARGET_NAME = "Perfect Education with CYCU";
			};
			name = Release;
		};
/* End XCBuildConfiguration section */

/* Begin XCConfigurationList section */
		5E2AC571296E16AE00722D02 /* Build configuration list for PBXProject "Perfect Education with CYCU" */ = {
			isa = XCConfigurationList;
			buildConfigurations = (
				5E2AC598296E16AF00722D02 /* Debug */,
				5E2AC599296E16AF00722D02 /* Release */,
			);
			defaultConfigurationIsVisible = 0;
			defaultConfigurationName = Release;
		};
		5E2AC59A296E16AF00722D02 /* Build configuration list for PBXNativeTarget "Perfect Education with CYCU" */ = {
			isa = XCConfigurationList;
			buildConfigurations = (
				5E2AC59B296E16AF00722D02 /* Debug */,
				5E2AC59C296E16AF00722D02 /* Release */,
			);
			defaultConfigurationIsVisible = 0;
			defaultConfigurationName = Release;
		};
		5E2AC59D296E16AF00722D02 /* Build configuration list for PBXNativeTarget "Perfect Education with CYCUTests" */ = {
			isa = XCConfigurationList;
			buildConfigurations = (
				5E2AC59E296E16AF00722D02 /* Debug */,
				5E2AC59F296E16AF00722D02 /* Release */,
			);
			defaultConfigurationIsVisible = 0;
			defaultConfigurationName = Release;
		};
		5E2AC5A0296E16AF00722D02 /* Build configuration list for PBXNativeTarget "Perfect Education with CYCUUITests" */ = {
			isa = XCConfigurationList;
			buildConfigurations = (
				5E2AC5A1296E16AF00722D02 /* Debug */,
				5E2AC5A2296E16AF00722D02 /* Release */,
			);
			defaultConfigurationIsVisible = 0;
			defaultConfigurationName = Release;
		};
/* End XCConfigurationList section */
	};
	rootObject = 5E2AC56E296E16AE00722D02 /* Project object */;
}
